
Microsoft Visual Studio Solution File, Format Version 12.00
# Visual Studio Version 17
VisualStudioVersion = 17.14.37216.2 d17.14
MinimumVisualStudioVersion = 10.0.40219.1
Project("{FAE04EC0-301F-11D3-BF4B-00C04F79EFBC}") = "BlogApi", "BlogApi\BlogApi.csproj", "{17B69D2B-71E7-4B17-BEA1-B8FF929E31DC}"
EndProject
Global
	GlobalSection(SolutionConfigurationPlatforms) = preSolution
		Debug|Any CPU = Debug|Any CPU
		Release|Any CPU = Release|Any CPU
	EndGlobalSection
	GlobalSection(ProjectConfigurationPlatforms) = postSolution
		{17B69D2B-71E7-4B17-BEA1-B8FF929E31DC}.Debug|Any CPU.ActiveCfg = Debug|Any CPU
		{17B69D2B-71E7-4B17-BEA1-B8FF929E31DC}.Debug|Any CPU.Build.0 = Debug|Any CPU
		{17B69D2B-71E7-4B17-BEA1-B8FF929E31DC}.Release|Any CPU.ActiveCfg = Release|Any CPU
		{17B69D2B-71E7-4B17-BEA1-B8FF929E31DC}.Release|Any CPU.Build.0 = Release|Any CPU
	EndGlobalSection
	GlobalSection(SolutionProperties) = preSolution
		HideSolutionNode = FALSE
	EndGlobalSection
	GlobalSection(ExtensibilityGlobals) = postSolution
		SolutionGuid = {54FEA996-1F93-4495-BD61-68070652B068}
	EndGlobalSection
EndGlobal
